
Microsoft Visual Studio Solution File, Format Version 12.00
# Visual Studio Version 17
VisualStudioVersion = 17.1.32407.343
MinimumVisualStudioVersion = 10.0.40219.1
Project("{9A19103F-16F7-4668-BE54-9A1E7A4F7556}") = "SysAdminOld", "Sysadmin\Sysadmin\SysAdminOld.csproj", "{2C5B188D-2D82-4DC1-872B-A7D4CD7794A4}"
EndProject
Project("{9A19103F-16F7-4668-BE54-9A1E7A4F7556}") = "FastReport.ReportBuilder", "FastReport.ReportBuilder\FastReport.ReportBuilder.csproj", "{A966F6A7-9262-4504-9A3D-F77081B901EF}"
EndProject
Project("{9A19103F-16F7-4668-BE54-9A1E7A4F7556}") = "SysAdmin.ActiveDirectory", "SysAdmin.ActiveDirectory\SysAdmin.ActiveDirectory.csproj", "{E5EA47D8-AA74-4583-9B5C-82FE412E58F4}"
EndProject
Project("{2150E333-8FDC-42A3-9474-1A3956D46DE8}") = "Tests", "Tests", "{011E69B9-B02B-4226-B558-85D222133CCE}"
EndProject
Project("{9A19103F-16F7-4668-BE54-9A1E7A4F7556}") = "IntegrationsTests", "IntegrationsTests\IntegrationsTests.csproj", "{B57D5F1C-1C81-412B-A3EE-E20D37543F64}"
EndProject
Project("{9A19103F-16F7-4668-BE54-9A1E7A4F7556}") = "UITests", "UITests\UITests.csproj", "{AF20EFD2-DE09-4D4B-A277-0046CC20D369}"
EndProject
Project("{2150E333-8FDC-42A3-9474-1A3956D46DE8}") = "Application", "Application", "{68C6B0AE-673B-4A5B-8596-6993081E7965}"
EndProject
Project("{2150E333-8FDC-42A3-9474-1A3956D46DE8}") = "Solution Items", "Solution Items", "{02DA6509-C8DE-44F5-8673-BCB000F14046}"
	ProjectSection(SolutionItems) = preProject
		..\LICENSE = ..\LICENSE
		..\README.md = ..\README.md
	EndProjectSection
EndProject
Project("{9A19103F-16F7-4668-BE54-9A1E7A4F7556}") = "Sysadmin.WMI", "Sysadmin.WMI\Sysadmin.WMI.csproj", "{14BD1EBC-81DA-48E5-ACE8-BCFFD16C40C8}"
EndProject
Project("{2150E333-8FDC-42A3-9474-1A3956D46DE8}") = "Sysadmin UI", "Sysadmin UI", "{DE43940C-85E0-421D-B2C6-DB1B63DE7908}"
EndProject
Project("{9A19103F-16F7-4668-BE54-9A1E7A4F7556}") = "Sysadmin", "SysadminUI\Sysadmin\Sysadmin.csproj", "{3A0A75EF-D7F0-4788-A177-F8BED84CDA6A}"
EndProject
Project("{54435603-DBB4-11D2-8724-00A0C9A8B90C}") = "SetupSysadmin", "SetupSysadmin\SetupSysadmin.vdproj", "{B3A3DA23-684A-4F83-B824-6FE813968C32}"
EndProject
Project("{FAE04EC0-301F-11D3-BF4B-00C04F79EFBC}") = "Sysadmin.ActiveDirectory", "SysadminUI\Sysadmin.ActiveDirectory\Sysadmin.ActiveDirectory.csproj", "{1D969FD6-A2AA-4BAC-AC90-1061518DE2C6}"
EndProject
Project("{FAE04EC0-301F-11D3-BF4B-00C04F79EFBC}") = "TestADConnection", "SysadminUI\TestADConnection\TestADConnection.csproj", "{9518EB7C-C103-42DF-8486-FBB31E05D479}"
EndProject
Global
	GlobalSection(SolutionConfigurationPlatforms) = preSolution
		Debug|Any CPU = Debug|Any CPU
		Debug|arm64 = Debug|arm64
		Debug|x64 = Debug|x64
		Debug|x86 = Debug|x86
		Release|Any CPU = Release|Any CPU
		Release|arm64 = Release|arm64
		Release|x64 = Release|x64
		Release|x86 = Release|x86
	EndGlobalSection
	GlobalSection(ProjectConfigurationPlatforms) = postSolution
		{2C5B188D-2D82-4DC1-872B-A7D4CD7794A4}.Debug|Any CPU.ActiveCfg = Debug|x64
		{2C5B188D-2D82-4DC1-872B-A7D4CD7794A4}.Debug|Any CPU.Build.0 = Debug|x64
		{2C5B188D-2D82-4DC1-872B-A7D4CD7794A4}.Debug|arm64.ActiveCfg = Debug|arm64
		{2C5B188D-2D82-4DC1-872B-A7D4CD7794A4}.Debug|arm64.Build.0 = Debug|arm64
		{2C5B188D-2D82-4DC1-872B-A7D4CD7794A4}.Debug|x64.ActiveCfg = Debug|x64
		{2C5B188D-2D82-4DC1-872B-A7D4CD7794A4}.Debug|x64.Build.0 = Debug|x64
		{2C5B188D-2D82-4DC1-872B-A7D4CD7794A4}.Debug|x86.ActiveCfg = Debug|x86
		{2C5B188D-2D82-4DC1-872B-A7D4CD7794A4}.Debug|x86.Build.0 = Debug|x86
		{2C5B188D-2D82-4DC1-872B-A7D4CD7794A4}.Release|Any CPU.ActiveCfg = Release|x64
		{2C5B188D-2D82-4DC1-872B-A7D4CD7794A4}.Release|Any CPU.Build.0 = Release|x64
		{2C5B188D-2D82-4DC1-872B-A7D4CD7794A4}.Release|arm64.ActiveCfg = Release|arm64
		{2C5B188D-2D82-4DC1-872B-A7D4CD7794A4}.Release|arm64.Build.0 = Release|arm64
		{2C5B188D-2D82-4DC1-872B-A7D4CD7794A4}.Release|x64.ActiveCfg = Release|x64
		{2C5B188D-2D82-4DC1-872B-A7D4CD7794A4}.Release|x64.Build.0 = Release|x64
		{2C5B188D-2D82-4DC1-872B-A7D4CD7794A4}.Release|x86.ActiveCfg = Release|x86
		{2C5B188D-2D82-4DC1-872B-A7D4CD7794A4}.Release|x86.Build.0 = Release|x86
		{A966F6A7-9262-4504-9A3D-F77081B901EF}.Debug|Any CPU.ActiveCfg = Debug|Any CPU
		{A966F6A7-9262-4504-9A3D-F77081B901EF}.Debug|Any CPU.Build.0 = Debug|Any CPU
		{A966F6A7-9262-4504-9A3D-F77081B901EF}.Debug|arm64.ActiveCfg = Debug|Any CPU
		{A966F6A7-9262-4504-9A3D-F77081B901EF}.Debug|arm64.Build.0 = Debug|Any CPU
		{A966F6A7-9262-4504-9A3D-F77081B901EF}.Debug|x64.ActiveCfg = Debug|Any CPU
		{A966F6A7-9262-4504-9A3D-F77081B901EF}.Debug|x64.Build.0 = Debug|Any CPU
		{A966F6A7-9262-4504-9A3D-F77081B901EF}.Debug|x86.ActiveCfg = Debug|Any CPU
		{A966F6A7-9262-4504-9A3D-F77081B901EF}.Debug|x86.Build.0 = Debug|Any CPU
		{A966F6A7-9262-4504-9A3D-F77081B901EF}.Release|Any CPU.ActiveCfg = Release|Any CPU
		{A966F6A7-9262-4504-9A3D-F77081B901EF}.Release|Any CPU.Build.0 = Release|Any CPU
		{A966F6A7-9262-4504-9A3D-F77081B901EF}.Release|arm64.ActiveCfg = Release|Any CPU
		{A966F6A7-9262-4504-9A3D-F77081B901EF}.Release|arm64.Build.0 = Release|Any CPU
		{A966F6A7-9262-4504-9A3D-F77081B901EF}.Release|x64.ActiveCfg = Release|Any CPU
		{A966F6A7-9262-4504-9A3D-F77081B901EF}.Release|x64.Build.0 = Release|Any CPU
		{A966F6A7-9262-4504-9A3D-F77081B901EF}.Release|x86.ActiveCfg = Release|Any CPU
		{A966F6A7-9262-4504-9A3D-F77081B901EF}.Release|x86.Build.0 = Release|Any CPU
		{E5EA47D8-AA74-4583-9B5C-82FE412E58F4}.Debug|Any CPU.ActiveCfg = Debug|Any CPU
		{E5EA47D8-AA74-4583-9B5C-82FE412E58F4}.Debug|Any CPU.Build.0 = Debug|Any CPU
		{E5EA47D8-AA74-4583-9B5C-82FE412E58F4}.Debug|arm64.ActiveCfg = Debug|Any CPU
		{E5EA47D8-AA74-4583-9B5C-82FE412E58F4}.Debug|arm64.Build.0 = Debug|Any CPU
		{E5EA47D8-AA74-4583-9B5C-82FE412E58F4}.Debug|x64.ActiveCfg = Debug|Any CPU
		{E5EA47D8-AA74-4583-9B5C-82FE412E58F4}.Debug|x64.Build.0 = Debug|Any CPU
		{E5EA47D8-AA74-4583-9B5C-82FE412E58F4}.Debug|x86.ActiveCfg = Debug|Any CPU
		{E5EA47D8-AA74-4583-9B5C-82FE412E58F4}.Debug|x86.Build.0 = Debug|Any CPU
		{E5EA47D8-AA74-4583-9B5C-82FE412E58F4}.Release|Any CPU.ActiveCfg = Release|Any CPU
		{E5EA47D8-AA74-4583-9B5C-82FE412E58F4}.Release|Any CPU.Build.0 = Release|Any CPU
		{E5EA47D8-AA74-4583-9B5C-82FE412E58F4}.Release|arm64.ActiveCfg = Release|Any CPU
		{E5EA47D8-AA74-4583-9B5C-82FE412E58F4}.Release|arm64.Build.0 = Release|Any CPU
		{E5EA47D8-AA74-4583-9B5C-82FE412E58F4}.Release|x64.ActiveCfg = Release|Any CPU
		{E5EA47D8-AA74-4583-9B5C-82FE412E58F4}.Release|x64.Build.0 = Release|Any CPU
		{E5EA47D8-AA74-4583-9B5C-82FE412E58F4}.Release|x86.ActiveCfg = Release|Any CPU
		{E5EA47D8-AA74-4583-9B5C-82FE412E58F4}.Release|x86.Build.0 = Release|Any CPU
		{B57D5F1C-1C81-412B-A3EE-E20D37543F64}.Debug|Any CPU.ActiveCfg = Debug|Any CPU
		{B57D5F1C-1C81-412B-A3EE-E20D37543F64}.Debug|Any CPU.Build.0 = Debug|Any CPU
		{B57D5F1C-1C81-412B-A3EE-E20D37543F64}.Debug|arm64.ActiveCfg = Debug|Any CPU
		{B57D5F1C-1C81-412B-A3EE-E20D37543F64}.Debug|arm64.Build.0 = Debug|Any CPU
		{B57D5F1C-1C81-412B-A3EE-E20D37543F64}.Debug|x64.ActiveCfg = Debug|Any CPU
		{B57D5F1C-1C81-412B-A3EE-E20D37543F64}.Debug|x64.Build.0 = Debug|Any CPU
		{B57D5F1C-1C81-412B-A3EE-E20D37543F64}.Debug|x86.ActiveCfg = Debug|Any CPU
		{B57D5F1C-1C81-412B-A3EE-E20D37543F64}.Debug|x86.Build.0 = Debug|Any CPU
		{B57D5F1C-1C81-412B-A3EE-E20D37543F64}.Release|Any CPU.ActiveCfg = Release|Any CPU
		{B57D5F1C-1C81-412B-A3EE-E20D37543F64}.Release|Any CPU.Build.0 = Release|Any CPU
		{B57D5F1C-1C81-412B-A3EE-E20D37543F64}.Release|arm64.ActiveCfg = Release|Any CPU
		{B57D5F1C-1C81-412B-A3EE-E20D37543F64}.Release|arm64.Build.0 = Release|Any CPU
		{B57D5F1C-1C81-412B-A3EE-E20D37543F64}.Release|x64.ActiveCfg = Release|Any CPU
		{B57D5F1C-1C81-412B-A3EE-E20D37543F64}.Release|x64.Build.0 = Release|Any CPU
		{B57D5F1C-1C81-412B-A3EE-E20D37543F64}.Release|x86.ActiveCfg = Release|Any CPU
		{B57D5F1C-1C81-412B-A3EE-E20D37543F64}.Release|x86.Build.0 = Release|Any CPU
		{AF20EFD2-DE09-4D4B-A277-0046CC20D369}.Debug|Any CPU.ActiveCfg = Debug|Any CPU
		{AF20EFD2-DE09-4D4B-A277-0046CC20D369}.Debug|Any CPU.Build.0 = Debug|Any CPU
		{AF20EFD2-DE09-4D4B-A277-0046CC20D369}.Debug|arm64.ActiveCfg = Debug|Any CPU
		{AF20EFD2-DE09-4D4B-A277-0046CC20D369}.Debug|arm64.Build.0 = Debug|Any CPU
		{AF20EFD2-DE09-4D4B-A277-0046CC20D369}.Debug|x64.ActiveCfg = Debug|Any CPU
		{AF20EFD2-DE09-4D4B-A277-0046CC20D369}.Debug|x64.Build.0 = Debug|Any CPU
		{AF20EFD2-DE09-4D4B-A277-0046CC20D369}.Debug|x86.ActiveCfg = Debug|Any CPU
		{AF20EFD2-DE09-4D4B-A277-0046CC20D369}.Debug|x86.Build.0 = Debug|Any CPU
		{AF20EFD2-DE09-4D4B-A277-0046CC20D369}.Release|Any CPU.ActiveCfg = Release|Any CPU
		{AF20EFD2-DE09-4D4B-A277-0046CC20D369}.Release|Any CPU.Build.0 = Release|Any CPU
		{AF20EFD2-DE09-4D4B-A277-0046CC20D369}.Release|arm64.ActiveCfg = Release|Any CPU
		{AF20EFD2-DE09-4D4B-A277-0046CC20D369}.Release|arm64.Build.0 = Release|Any CPU
		{AF20EFD2-DE09-4D4B-A277-0046CC20D369}.Release|x64.ActiveCfg = Release|Any CPU
		{AF20EFD2-DE09-4D4B-A277-0046CC20D369}.Release|x64.Build.0 = Release|Any CPU
		{AF20EFD2-DE09-4D4B-A277-0046CC20D369}.Release|x86.ActiveCfg = Release|Any CPU
		{AF20EFD2-DE09-4D4B-A277-0046CC20D369}.Release|x86.Build.0 = Release|Any CPU
		{14BD1EBC-81DA-48E5-ACE8-BCFFD16C40C8}.Debug|Any CPU.ActiveCfg = Debug|Any CPU
		{14BD1EBC-81DA-48E5-ACE8-BCFFD16C40C8}.Debug|Any CPU.Build.0 = Debug|Any CPU
		{14BD1EBC-81DA-48E5-ACE8-BCFFD16C40C8}.Debug|arm64.ActiveCfg = Debug|Any CPU
		{14BD1EBC-81DA-48E5-ACE8-BCFFD16C40C8}.Debug|arm64.Build.0 = Debug|Any CPU
		{14BD1EBC-81DA-48E5-ACE8-BCFFD16C40C8}.Debug|x64.ActiveCfg = Debug|Any CPU
		{14BD1EBC-81DA-48E5-ACE8-BCFFD16C40C8}.Debug|x64.Build.0 = Debug|Any CPU
		{14BD1EBC-81DA-48E5-ACE8-BCFFD16C40C8}.Debug|x86.ActiveCfg = Debug|Any CPU
		{14BD1EBC-81DA-48E5-ACE8-BCFFD16C40C8}.Debug|x86.Build.0 = Debug|Any CPU
		{14BD1EBC-81DA-48E5-ACE8-BCFFD16C40C8}.Release|Any CPU.ActiveCfg = Release|Any CPU
		{14BD1EBC-81DA-48E5-ACE8-BCFFD16C40C8}.Release|Any CPU.Build.0 = Release|Any CPU
		{14BD1EBC-81DA-48E5-ACE8-BCFFD16C40C8}.Release|arm64.ActiveCfg = Release|Any CPU
		{14BD1EBC-81DA-48E5-ACE8-BCFFD16C40C8}.Release|arm64.Build.0 = Release|Any CPU
		{14BD1EBC-81DA-48E5-ACE8-BCFFD16C40C8}.Release|x64.ActiveCfg = Release|Any CPU
		{14BD1EBC-81DA-48E5-ACE8-BCFFD16C40C8}.Release|x64.Build.0 = Release|Any CPU
		{14BD1EBC-81DA-48E5-ACE8-BCFFD16C40C8}.Release|x86.ActiveCfg = Release|Any CPU
		{14BD1EBC-81DA-48E5-ACE8-BCFFD16C40C8}.Release|x86.Build.0 = Release|Any CPU
		{3A0A75EF-D7F0-4788-A177-F8BED84CDA6A}.Debug|Any CPU.ActiveCfg = Debug|Any CPU
		{3A0A75EF-D7F0-4788-A177-F8BED84CDA6A}.Debug|Any CPU.Build.0 = Debug|Any CPU
		{3A0A75EF-D7F0-4788-A177-F8BED84CDA6A}.Debug|arm64.ActiveCfg = Debug|Any CPU
		{3A0A75EF-D7F0-4788-A177-F8BED84CDA6A}.Debug|arm64.Build.0 = Debug|Any CPU
		{3A0A75EF-D7F0-4788-A177-F8BED84CDA6A}.Debug|x64.ActiveCfg = Debug|Any CPU
		{3A0A75EF-D7F0-4788-A177-F8BED84CDA6A}.Debug|x64.Build.0 = Debug|Any CPU
		{3A0A75EF-D7F0-4788-A177-F8BED84CDA6A}.Debug|x86.ActiveCfg = Debug|Any CPU
		{3A0A75EF-D7F0-4788-A177-F8BED84CDA6A}.Debug|x86.Build.0 = Debug|Any CPU
		{3A0A75EF-D7F0-4788-A177-F8BED84CDA6A}.Release|Any CPU.ActiveCfg = Release|Any CPU
		{3A0A75EF-D7F0-4788-A177-F8BED84CDA6A}.Release|Any CPU.Build.0 = Release|Any CPU
		{3A0A75EF-D7F0-4788-A177-F8BED84CDA6A}.Release|arm64.ActiveCfg = Release|Any CPU
		{3A0A75EF-D7F0-4788-A177-F8BED84CDA6A}.Release|arm64.Build.0 = Release|Any CPU
		{3A0A75EF-D7F0-4788-A177-F8BED84CDA6A}.Release|x64.ActiveCfg = Release|Any CPU
		{3A0A75EF-D7F0-4788-A177-F8BED84CDA6A}.Release|x64.Build.0 = Release|Any CPU
		{3A0A75EF-D7F0-4788-A177-F8BED84CDA6A}.Release|x86.ActiveCfg = Release|Any CPU
		{3A0A75EF-D7F0-4788-A177-F8BED84CDA6A}.Release|x86.Build.0 = Release|Any CPU
		{B3A3DA23-684A-4F83-B824-6FE813968C32}.Debug|Any CPU.ActiveCfg = Debug
		{B3A3DA23-684A-4F83-B824-6FE813968C32}.Debug|arm64.ActiveCfg = Debug
		{B3A3DA23-684A-4F83-B824-6FE813968C32}.Debug|x64.ActiveCfg = Debug
		{B3A3DA23-684A-4F83-B824-6FE813968C32}.Debug|x86.ActiveCfg = Debug
		{B3A3DA23-684A-4F83-B824-6FE813968C32}.Release|Any CPU.ActiveCfg = Release
		{B3A3DA23-684A-4F83-B824-6FE813968C32}.Release|arm64.ActiveCfg = Release
		{B3A3DA23-684A-4F83-B824-6FE813968C32}.Release|x64.ActiveCfg = Release
		{B3A3DA23-684A-4F83-B824-6FE813968C32}.Release|x86.ActiveCfg = Release
		{1D969FD6-A2AA-4BAC-AC90-1061518DE2C6}.Debug|Any CPU.ActiveCfg = Debug|Any CPU
		{1D969FD6-A2AA-4BAC-AC90-1061518DE2C6}.Debug|Any CPU.Build.0 = Debug|Any CPU
		{1D969FD6-A2AA-4BAC-AC90-1061518DE2C6}.Debug|arm64.ActiveCfg = Debug|Any CPU
		{1D969FD6-A2AA-4BAC-AC90-1061518DE2C6}.Debug|arm64.Build.0 = Debug|Any CPU
		{1D969FD6-A2AA-4BAC-AC90-1061518DE2C6}.Debug|x64.ActiveCfg = Debug|Any CPU
		{1D969FD6-A2AA-4BAC-AC90-1061518DE2C6}.Debug|x64.Build.0 = Debug|Any CPU
		{1D969FD6-A2AA-4BAC-AC90-1061518DE2C6}.Debug|x86.ActiveCfg = Debug|Any CPU
		{1D969FD6-A2AA-4BAC-AC90-1061518DE2C6}.Debug|x86.Build.0 = Debug|Any CPU
		{1D969FD6-A2AA-4BAC-AC90-1061518DE2C6}.Release|Any CPU.ActiveCfg = Release|Any CPU
		{1D969FD6-A2AA-4BAC-AC90-1061518DE2C6}.Release|Any CPU.Build.0 = Release|Any CPU
		{1D969FD6-A2AA-4BAC-AC90-1061518DE2C6}.Release|arm64.ActiveCfg = Release|Any CPU
		{1D969FD6-A2AA-4BAC-AC90-1061518DE2C6}.Release|arm64.Build.0 = Release|Any CPU
		{1D969FD6-A2AA-4BAC-AC90-1061518DE2C6}.Release|x64.ActiveCfg = Release|Any CPU
		{1D969FD6-A2AA-4BAC-AC90-1061518DE2C6}.Release|x64.Build.0 = Release|Any CPU
		{1D969FD6-A2AA-4BAC-AC90-1061518DE2C6}.Release|x86.ActiveCfg = Release|Any CPU
		{1D969FD6-A2AA-4BAC-AC90-1061518DE2C6}.Release|x86.Build.0 = Release|Any CPU
		{9518EB7C-C103-42DF-8486-FBB31E05D479}.Debug|Any CPU.ActiveCfg = Debug|Any CPU
		{9518EB7C-C103-42DF-8486-FBB31E05D479}.Debug|Any CPU.Build.0 = Debug|Any CPU
		{9518EB7C-C103-42DF-8486-FBB31E05D479}.Debug|arm64.ActiveCfg = Debug|Any CPU
		{9518EB7C-C103-42DF-8486-FBB31E05D479}.Debug|arm64.Build.0 = Debug|Any CPU
		{9518EB7C-C103-42DF-8486-FBB31E05D479}.Debug|x64.ActiveCfg = Debug|Any CPU
		{9518EB7C-C103-42DF-8486-FBB31E05D479}.Debug|x64.Build.0 = Debug|Any CPU
		{9518EB7C-C103-42DF-8486-FBB31E05D479}.Debug|x86.ActiveCfg = Debug|Any CPU
		{9518EB7C-C103-42DF-8486-FBB31E05D479}.Debug|x86.Build.0 = Debug|Any CPU
		{9518EB7C-C103-42DF-8486-FBB31E05D479}.Release|Any CPU.ActiveCfg = Release|Any CPU
		{9518EB7C-C103-42DF-8486-FBB31E05D479}.Release|Any CPU.Build.0 = Release|Any CPU
		{9518EB7C-C103-42DF-8486-FBB31E05D479}.Release|arm64.ActiveCfg = Release|Any CPU
		{9518EB7C-C103-42DF-8486-FBB31E05D479}.Release|arm64.Build.0 = Release|Any CPU
		{9518EB7C-C103-42DF-8486-FBB31E05D479}.Release|x64.ActiveCfg = Release|Any CPU
		{9518EB7C-C103-42DF-8486-FBB31E05D479}.Release|x64.Build.0 = Release|Any CPU
		{9518EB7C-C103-42DF-8486-FBB31E05D479}.Release|x86.ActiveCfg = Release|Any CPU
		{9518EB7C-C103-42DF-8486-FBB31E05D479}.Release|x86.Build.0 = Release|Any CPU
	EndGlobalSection
	GlobalSection(SolutionProperties) = preSolution
		HideSolutionNode = FALSE
	EndGlobalSection
	GlobalSection(NestedProjects) = preSolution
		{2C5B188D-2D82-4DC1-872B-A7D4CD7794A4} = {68C6B0AE-673B-4A5B-8596-6993081E7965}
		{A966F6A7-9262-4504-9A3D-F77081B901EF} = {68C6B0AE-673B-4A5B-8596-6993081E7965}
		{E5EA47D8-AA74-4583-9B5C-82FE412E58F4} = {68C6B0AE-673B-4A5B-8596-6993081E7965}
		{B57D5F1C-1C81-412B-A3EE-E20D37543F64} = {011E69B9-B02B-4226-B558-85D222133CCE}
		{AF20EFD2-DE09-4D4B-A277-0046CC20D369} = {011E69B9-B02B-4226-B558-85D222133CCE}
		{14BD1EBC-81DA-48E5-ACE8-BCFFD16C40C8} = {68C6B0AE-673B-4A5B-8596-6993081E7965}
		{3A0A75EF-D7F0-4788-A177-F8BED84CDA6A} = {DE43940C-85E0-421D-B2C6-DB1B63DE7908}
		{B3A3DA23-684A-4F83-B824-6FE813968C32} = {DE43940C-85E0-421D-B2C6-DB1B63DE7908}
		{1D969FD6-A2AA-4BAC-AC90-1061518DE2C6} = {DE43940C-85E0-421D-B2C6-DB1B63DE7908}
		{9518EB7C-C103-42DF-8486-FBB31E05D479} = {011E69B9-B02B-4226-B558-85D222133CCE}
	EndGlobalSection
	GlobalSection(ExtensibilityGlobals) = postSolution
		SolutionGuid = {ABCBFF47-219B-4192-920A-5F6EEB0CD40F}
	EndGlobalSection
EndGlobal
